
Microsoft Visual Studio Solution File, Format Version 12.00
# Visual Studio Version 16
VisualStudioVersion = 16.0.31229.75
MinimumVisualStudioVersion = 10.0.40219.1
Project("{8BC9CEB8-8B4A-11D0-8D11-00A0C91BC942}") = "IreneZaugg", "IreneZaugg.vcxproj", "{B6C9B833-2819-47A4-83BA-38DD52B82834}"
EndProject
Project("{8BC9CEB8-8B4A-11D0-8D11-00A0C91BC942}") = "Exchange", "Exchange\Exchange.vcxproj", "{185045E6-8EFD-4E8B-AC48-EB9AD3659794}"
EndProject
Project("{8BC9CEB8-8B4A-11D0-8D11-00A0C91BC942}") = "Fibonacci", "Fibonacci\Fibonacci.vcxproj", "{7B6F8935-62E4-4505-9796-A2F0DD039023}"
EndProject
Project("{8BC9CEB8-8B4A-11D0-8D11-00A0C91BC942}") = "TempConversion", "TempConversion\TempConversion.vcxproj", "{99F8C5E8-96AA-4920-8381-9043C5679C44}"
EndProject
Project("{8BC9CEB8-8B4A-11D0-8D11-00A0C91BC942}") = "Multiplier", "multiplier\multiplier.vcxproj", "{37C0CBFC-BCB4-4292-A772-78E01BFB8EF7}"
EndProject
Global
	GlobalSection(SolutionConfigurationPlatforms) = preSolution
		Debug|x64 = Debug|x64
		Debug|x86 = Debug|x86
		Release|x64 = Release|x64
		Release|x86 = Release|x86
	EndGlobalSection
	GlobalSection(ProjectConfigurationPlatforms) = postSolution
		{B6C9B833-2819-47A4-83BA-38DD52B82834}.Debug|x64.ActiveCfg = Debug|x64
		{B6C9B833-2819-47A4-83BA-38DD52B82834}.Debug|x64.Build.0 = Debug|x64
		{B6C9B833-2819-47A4-83BA-38DD52B82834}.Debug|x86.ActiveCfg = Debug|Win32
		{B6C9B833-2819-47A4-83BA-38DD52B82834}.Debug|x86.Build.0 = Debug|Win32
		{B6C9B833-2819-47A4-83BA-38DD52B82834}.Release|x64.ActiveCfg = Release|x64
		{B6C9B833-2819-47A4-83BA-38DD52B82834}.Release|x64.Build.0 = Release|x64
		{B6C9B833-2819-47A4-83BA-38DD52B82834}.Release|x86.ActiveCfg = Release|Win32
		{B6C9B833-2819-47A4-83BA-38DD52B82834}.Release|x86.Build.0 = Release|Win32
		{185045E6-8EFD-4E8B-AC48-EB9AD3659794}.Debug|x64.ActiveCfg = Debug|x64
		{185045E6-8EFD-4E8B-AC48-EB9AD3659794}.Debug|x64.Build.0 = Debug|x64
		{185045E6-8EFD-4E8B-AC48-EB9AD3659794}.Debug|x86.ActiveCfg = Debug|Win32
		{185045E6-8EFD-4E8B-AC48-EB9AD3659794}.Debug|x86.Build.0 = Debug|Win32
		{185045E6-8EFD-4E8B-AC48-EB9AD3659794}.Release|x64.ActiveCfg = Release|x64
		{185045E6-8EFD-4E8B-AC48-EB9AD3659794}.Release|x64.Build.0 = Release|x64
		{185045E6-8EFD-4E8B-AC48-EB9AD3659794}.Release|x86.ActiveCfg = Release|Win32
		{185045E6-8EFD-4E8B-AC48-EB9AD3659794}.Release|x86.Build.0 = Release|Win32
		{7B6F8935-62E4-4505-9796-A2F0DD039023}.Debug|x64.ActiveCfg = Debug|x64
		{7B6F8935-62E4-4505-9796-A2F0DD039023}.Debug|x64.Build.0 = Debug|x64
		{7B6F8935-62E4-4505-9796-A2F0DD039023}.Debug|x86.ActiveCfg = Debug|Win32
		{7B6F8935-62E4-4505-9796-A2F0DD039023}.Debug|x86.Build.0 = Debug|Win32
		{7B6F8935-62E4-4505-9796-A2F0DD039023}.Release|x64.ActiveCfg = Release|x64
		{7B6F8935-62E4-4505-9796-A2F0DD039023}.Release|x64.Build.0 = Release|x64
		{7B6F8935-62E4-4505-9796-A2F0DD039023}.Release|x86.ActiveCfg = Release|Win32
		{7B6F8935-62E4-4505-9796-A2F0DD039023}.Release|x86.Build.0 = Release|Win32
		{99F8C5E8-96AA-4920-8381-9043C5679C44}.Debug|x64.ActiveCfg = Debug|x64
		{99F8C5E8-96AA-4920-8381-9043C5679C44}.Debug|x64.Build.0 = Debug|x64
		{99F8C5E8-96AA-4920-8381-9043C5679C44}.Debug|x86.ActiveCfg = Debug|Win32
		{99F8C5E8-96AA-4920-8381-9043C5679C44}.Debug|x86.Build.0 = Debug|Win32
		{99F8C5E8-96AA-4920-8381-9043C5679C44}.Release|x64.ActiveCfg = Release|x64
		{99F8C5E8-96AA-4920-8381-9043C5679C44}.Release|x64.Build.0 = Release|x64
		{99F8C5E8-96AA-4920-8381-9043C5679C44}.Release|x86.ActiveCfg = Release|Win32
		{99F8C5E8-96AA-4920-8381-9043C5679C44}.Release|x86.Build.0 = Release|Win32
		{37C0CBFC-BCB4-4292-A772-78E01BFB8EF7}.Debug|x64.ActiveCfg = Debug|x64
		{37C0CBFC-BCB4-4292-A772-78E01BFB8EF7}.Debug|x64.Build.0 = Debug|x64
		{37C0CBFC-BCB4-4292-A772-78E01BFB8EF7}.Debug|x86.ActiveCfg = Debug|Win32
		{37C0CBFC-BCB4-4292-A772-78E01BFB8EF7}.Debug|x86.Build.0 = Debug|Win32
		{37C0CBFC-BCB4-4292-A772-78E01BFB8EF7}.Release|x64.ActiveCfg = Release|x64
		{37C0CBFC-BCB4-4292-A772-78E01BFB8EF7}.Release|x64.Build.0 = Release|x64
		{37C0CBFC-BCB4-4292-A772-78E01BFB8EF7}.Release|x86.ActiveCfg = Release|Win32
		{37C0CBFC-BCB4-4292-A772-78E01BFB8EF7}.Release|x86.Build.0 = Release|Win32
	EndGlobalSection
	GlobalSection(SolutionProperties) = preSolution
		HideSolutionNode = FALSE
	EndGlobalSection
	GlobalSection(ExtensibilityGlobals) = postSolution
		SolutionGuid = {87EA4488-EC16-44B6-9FBF-310E9CBCFA53}
	EndGlobalSection
EndGlobal
