
Microsoft Visual Studio Solution File, Format Version 12.00
# Visual Studio Version 16
VisualStudioVersion = 16.0.31229.75
MinimumVisualStudioVersion = 10.0.40219.1
Project("{8BC9CEB8-8B4A-11D0-8D11-00A0C91BC942}") = "IreneZaugg", "IreneZaugg.vcxproj", "{B6C9B833-2819-47A4-83BA-38DD52B82834}"
EndProject
Project("{8BC9CEB8-8B4A-11D0-8D11-00A0C91BC942}") = "Fibbonacci", "..\Fibbonacci\Fibbonacci.vcxproj", "{4E18DE7F-F778-4276-B46B-05C09E7E2627}"
EndProject
Global
	GlobalSection(SolutionConfigurationPlatforms) = preSolution
		Debug|x64 = Debug|x64
		Debug|x86 = Debug|x86
		Release|x64 = Release|x64
		Release|x86 = Release|x86
	EndGlobalSection
	GlobalSection(ProjectConfigurationPlatforms) = postSolution
		{B6C9B833-2819-47A4-83BA-38DD52B82834}.Debug|x64.ActiveCfg = Debug|x64
		{B6C9B833-2819-47A4-83BA-38DD52B82834}.Debug|x64.Build.0 = Debug|x64
		{B6C9B833-2819-47A4-83BA-38DD52B82834}.Debug|x86.ActiveCfg = Debug|Win32
		{B6C9B833-2819-47A4-83BA-38DD52B82834}.Debug|x86.Build.0 = Debug|Win32
		{B6C9B833-2819-47A4-83BA-38DD52B82834}.Release|x64.ActiveCfg = Release|x64
		{B6C9B833-2819-47A4-83BA-38DD52B82834}.Release|x64.Build.0 = Release|x64
		{B6C9B833-2819-47A4-83BA-38DD52B82834}.Release|x86.ActiveCfg = Release|Win32
		{B6C9B833-2819-47A4-83BA-38DD52B82834}.Release|x86.Build.0 = Release|Win32
		{4E18DE7F-F778-4276-B46B-05C09E7E2627}.Debug|x64.ActiveCfg = Debug|x64
		{4E18DE7F-F778-4276-B46B-05C09E7E2627}.Debug|x64.Build.0 = Debug|x64
		{4E18DE7F-F778-4276-B46B-05C09E7E2627}.Debug|x86.ActiveCfg = Debug|Win32
		{4E18DE7F-F778-4276-B46B-05C09E7E2627}.Debug|x86.Build.0 = Debug|Win32
		{4E18DE7F-F778-4276-B46B-05C09E7E2627}.Release|x64.ActiveCfg = Release|x64
		{4E18DE7F-F778-4276-B46B-05C09E7E2627}.Release|x64.Build.0 = Release|x64
		{4E18DE7F-F778-4276-B46B-05C09E7E2627}.Release|x86.ActiveCfg = Release|Win32
		{4E18DE7F-F778-4276-B46B-05C09E7E2627}.Release|x86.Build.0 = Release|Win32
	EndGlobalSection
	GlobalSection(SolutionProperties) = preSolution
		HideSolutionNode = FALSE
	EndGlobalSection
	GlobalSection(ExtensibilityGlobals) = postSolution
		SolutionGuid = {87EA4488-EC16-44B6-9FBF-310E9CBCFA53}
	EndGlobalSection
EndGlobal
